DEPENDENCIES
  sanity
    path: .
    metadata: true

GRAPH
  apt (7.1.0)
  build-essential (8.2.1)
    mingw (>= 1.1)
    seven_zip (>= 0.0.0)
  dpkg_autostart (0.2.0)
  htop (2.0.0)
    yum-repoforge (>= 0.0.0)
  iptables (4.4.1)
  iptables-ng (3.0.1)
  mingw (2.1.0)
    seven_zip (>= 0.0.0)
  monit-ng (2.4.0)
    apt (>= 0.0.0)
    build-essential (>= 0.0.0)
    dpkg_autostart (>= 0.0.0)
    ubuntu (>= 0.0.0)
    yum-epel (>= 0.0.0)
  msmtp (2.0.0)
  openssh (2.7.0)
    iptables (>= 1.0)
  postfix (5.3.1)
  resolver (2.1.0)
  sanity (1.4.0)
    apt (~> 7.1)
    htop (~> 2.0)
    iptables-ng (~> 3.0)
    monit-ng (~> 2.4)
    msmtp (~> 2.0)
    openssh (~> 2.6)
    postfix (~> 5.3)
    resolver (~> 2.1)
    tmux (~> 1.5)
    vim (~> 2.0)
  seven_zip (3.0.0)
    windows (>= 0.0.0)
  tmux (1.5.0)
  ubuntu (2.0.1)
    apt (>= 0.0.0)
  vim (2.0.2)
  windows (5.1.1)
  yum-epel (3.2.0)
  yum-repoforge (3.0.0)
    yum-epel (>= 0.0.0)
