DEPENDENCIES
  monit-ng
    git: https://github.com/creativemarket/monit-ng.git
    revision: fe054cfc53ac6a7e12e225a9af7f5eb7ac2e6e27
  os-hardening
    git: https://github.com/dev-sec/chef-os-hardening.git
    revision: bc3ee40839d888e5de5f6d9aa993b693d726df9c
  sanity
    path: .
    metadata: true
  ssh-hardening
    git: https://github.com/dev-sec/chef-ssh-hardening.git
    revision: 852f6360868d6adde05eaf8bcca4a162ad3cf46c

GRAPH
  apt (7.5.17)
  dpkg_autostart (0.4.12)
  iptables-ng (4.1.0)
  monit-ng (2.4.3)
    apt (>= 0.0.0)
    dpkg_autostart (>= 0.0.0)
  os-hardening (4.1.2)
  postfix (6.0.26)
  resolver (4.1.5)
  sanity (3.6.1)
    apt (~> 7.5)
    iptables-ng (~> 4.1)
    monit-ng (~> 2.4)
    os-hardening (~> 4.1)
    postfix (~> 6.0)
    resolver (~> 4.1)
    ssh-hardening (~> 2.9)
  ssh-hardening (2.9.0)
